
Microsoft Visual Studio Solution File, Format Version 12.00
# Visual Studio Version 17
VisualStudioVersion = 17.5.002.0
MinimumVisualStudioVersion = 10.0.40219.1
Project("{9A19103F-16F7-4668-BE54-9A1E7A4F7556}") = "projeto-c#", "projeto-c#.csproj", "{916D39EA-3D89-44C5-A352-BDDA1551193D}"
EndProject
Global
	GlobalSection(SolutionConfigurationPlatforms) = preSolution
		Debug|Any CPU = Debug|Any CPU
		Release|Any CPU = Release|Any CPU
	EndGlobalSection
	GlobalSection(ProjectConfigurationPlatforms) = postSolution
		{916D39EA-3D89-44C5-A352-BDDA1551193D}.Debug|Any CPU.ActiveCfg = Debug|Any CPU
		{916D39EA-3D89-44C5-A352-BDDA1551193D}.Debug|Any CPU.Build.0 = Debug|Any CPU
		{916D39EA-3D89-44C5-A352-BDDA1551193D}.Release|Any CPU.ActiveCfg = Release|Any CPU
		{916D39EA-3D89-44C5-A352-BDDA1551193D}.Release|Any CPU.Build.0 = Release|Any CPU
	EndGlobalSection
	GlobalSection(SolutionProperties) = preSolution
		HideSolutionNode = FALSE
	EndGlobalSection
	GlobalSection(ExtensibilityGlobals) = postSolution
		SolutionGuid = {742C8911-BA4A-49E8-9775-C4DCC44DA27C}
	EndGlobalSection
EndGlobal
